
Microsoft Visual Studio Solution File, Format Version 12.00
# Visual Studio Version 16
VisualStudioVersion = 16.0.29418.71
MinimumVisualStudioVersion = 10.0.40219.1
Project("{FAE04EC0-301F-11D3-BF4B-00C04F79EFBC}") = "S2.11", "S2.11\S2.11.csproj", "{74DC8263-1A9D-4FF0-A57B-808AC33FB15F}"
EndProject
Global
	GlobalSection(SolutionConfigurationPlatforms) = preSolution
		Debug|Any CPU = Debug|Any CPU
		Release|Any CPU = Release|Any CPU
	EndGlobalSection
	GlobalSection(ProjectConfigurationPlatforms) = postSolution
		{74DC8263-1A9D-4FF0-A57B-808AC33FB15F}.Debug|Any CPU.ActiveCfg = Debug|Any CPU
		{74DC8263-1A9D-4FF0-A57B-808AC33FB15F}.Debug|Any CPU.Build.0 = Debug|Any CPU
		{74DC8263-1A9D-4FF0-A57B-808AC33FB15F}.Release|Any CPU.ActiveCfg = Release|Any CPU
		{74DC8263-1A9D-4FF0-A57B-808AC33FB15F}.Release|Any CPU.Build.0 = Release|Any CPU
	EndGlobalSection
	GlobalSection(SolutionProperties) = preSolution
		HideSolutionNode = FALSE
	EndGlobalSection
	GlobalSection(ExtensibilityGlobals) = postSolution
		SolutionGuid = {6B43E115-1247-4207-95A9-C3C0B1B82A93}
	EndGlobalSection
EndGlobal
