
Microsoft Visual Studio Solution File, Format Version 12.00
# Visual Studio Version 16
VisualStudioVersion = 16.0.29503.13
MinimumVisualStudioVersion = 10.0.40219.1
Project("{FAE04EC0-301F-11D3-BF4B-00C04F79EFBC}") = "DemoAsync", "DemoAsync.csproj", "{F9AE5A0E-3712-4B2E-8C91-C90B5EB761B3}"
EndProject
Global
	GlobalSection(SolutionConfigurationPlatforms) = preSolution
		Debug|Any CPU = Debug|Any CPU
		Release|Any CPU = Release|Any CPU
	EndGlobalSection
	GlobalSection(ProjectConfigurationPlatforms) = postSolution
		{F9AE5A0E-3712-4B2E-8C91-C90B5EB761B3}.Debug|Any CPU.ActiveCfg = Debug|Any CPU
		{F9AE5A0E-3712-4B2E-8C91-C90B5EB761B3}.Debug|Any CPU.Build.0 = Debug|Any CPU
		{F9AE5A0E-3712-4B2E-8C91-C90B5EB761B3}.Release|Any CPU.ActiveCfg = Release|Any CPU
		{F9AE5A0E-3712-4B2E-8C91-C90B5EB761B3}.Release|Any CPU.Build.0 = Release|Any CPU
	EndGlobalSection
	GlobalSection(SolutionProperties) = preSolution
		HideSolutionNode = FALSE
	EndGlobalSection
	GlobalSection(ExtensibilityGlobals) = postSolution
		SolutionGuid = {6FA02E24-C47B-4ACD-9143-CA3B0B2FD8D6}
	EndGlobalSection
EndGlobal
